PODS:
  - CCConfigSetting (0.1.1)
  - CCNetworking (0.1.0):
    - CCConfigSetting

DEPENDENCIES:
  - CCConfigSetting (from `https://github.com/VE66/CCConfigSetting.git`)
  - CCNetworking (from `../`)

EXTERNAL SOURCES:
  CCConfigSetting:
    :git: https://github.com/VE66/CCConfigSetting.git
  CCNetworking:
    :path: "../"

CHECKOUT OPTIONS:
  CCConfigSetting:
    :commit: 8b5fb655a890b3cd448c3f632559a2f8719174d8
    :git: https://github.com/VE66/CCConfigSetting.git

SPEC CHECKSUMS:
  CCConfigSetting: 76ae5fdb105c2d77e78bbad8cbb6b5a24212602d
  CCNetworking: 4e8cd0edb49b65b45f90971b10e533fa24f61233

PODFILE CHECKSUM: c44dc76e9be41d6889b7f2d43d0230903582a4a2

COCOAPODS: 1.11.2
